
Microsoft Visual Studio Solution File, Format Version 12.00
# Visual Studio Version 17
VisualStudioVersion = 17.3.32825.248
MinimumVisualStudioVersion = 10.0.40219.1
Project("{2150E333-8FDC-42A3-9474-1A3956D46DE8}") = "Behavioral", "Behavioral", "{EFAD9759-F9F9-438B-9DCD-8B9143679717}"
EndProject
Project("{2150E333-8FDC-42A3-9474-1A3956D46DE8}") = "Structural", "Structural", "{5557FBF4-B071-465D-A644-06DB6CF7446B}"
EndProject
Project("{2150E333-8FDC-42A3-9474-1A3956D46DE8}") = "Creational", "Creational", "{13ECF85E-7605-4218-A9FA-E4691546D11E}"
EndProject
Project("{FAE04EC0-301F-11D3-BF4B-00C04F79EFBC}") = "FacadePattern", "src\Structural\FacadePattern\FacadePattern.csproj", "{2A0CE1E3-C71F-4F26-9728-929670EE7D80}"
EndProject
Global
	GlobalSection(SolutionConfigurationPlatforms) = preSolution
		Debug|Any CPU = Debug|Any CPU
		Release|Any CPU = Release|Any CPU
	EndGlobalSection
	GlobalSection(ProjectConfigurationPlatforms) = postSolution
		{2A0CE1E3-C71F-4F26-9728-929670EE7D80}.Debug|Any CPU.ActiveCfg = Debug|Any CPU
		{2A0CE1E3-C71F-4F26-9728-929670EE7D80}.Debug|Any CPU.Build.0 = Debug|Any CPU
		{2A0CE1E3-C71F-4F26-9728-929670EE7D80}.Release|Any CPU.ActiveCfg = Release|Any CPU
		{2A0CE1E3-C71F-4F26-9728-929670EE7D80}.Release|Any CPU.Build.0 = Release|Any CPU
	EndGlobalSection
	GlobalSection(SolutionProperties) = preSolution
		HideSolutionNode = FALSE
	EndGlobalSection
	GlobalSection(NestedProjects) = preSolution
		{2A0CE1E3-C71F-4F26-9728-929670EE7D80} = {5557FBF4-B071-465D-A644-06DB6CF7446B}
	EndGlobalSection
	GlobalSection(ExtensibilityGlobals) = postSolution
		SolutionGuid = {57011DF1-D605-460C-8A2A-0710F5704CC0}
	EndGlobalSection
EndGlobal
